
Microsoft Visual Studio Solution File, Format Version 12.00
# Visual Studio Version 17
VisualStudioVersion = 17.1.32328.378
MinimumVisualStudioVersion = 10.0.40219.1
Project("{FAE04EC0-301F-11D3-BF4B-00C04F79EFBC}") = "BookMall.Web", "BookMall.Web\BookMall.Web.csproj", "{CC4568A9-2995-4E8E-B09E-8FC153843799}"
EndProject
Project("{FAE04EC0-301F-11D3-BF4B-00C04F79EFBC}") = "BookMall.BuisnessLogic", "BookMall.BuisnessLogic\BookMall.BuisnessLogic.csproj", "{3D3FF20B-1E44-44A9-A15C-AF3CCEF0C272}"
EndProject
Project("{FAE04EC0-301F-11D3-BF4B-00C04F79EFBC}") = "BookMall.Domain", "BookMall.Domain\BookMall.Domain.csproj", "{461C23DA-19AB-4348-974D-FA9D18CEC760}"
EndProject
Project("{FAE04EC0-301F-11D3-BF4B-00C04F79EFBC}") = "BookMall.Helpers", "BookMall.Helpers\BookMall.Helpers.csproj", "{6088AC27-142B-4EDC-8818-6FC90A3999A8}"
EndProject
Project("{2150E333-8FDC-42A3-9474-1A3956D46DE8}") = "Solution Items", "Solution Items", "{B2A35FAF-484A-4D63-AE68-775B17468B63}"
	ProjectSection(SolutionItems) = preProject
		readme.md = readme.md
	EndProjectSection
EndProject
Global
	GlobalSection(SolutionConfigurationPlatforms) = preSolution
		Debug|Any CPU = Debug|Any CPU
		Release|Any CPU = Release|Any CPU
	EndGlobalSection
	GlobalSection(ProjectConfigurationPlatforms) = postSolution
		{CC4568A9-2995-4E8E-B09E-8FC153843799}.Debug|Any CPU.ActiveCfg = Debug|Any CPU
		{CC4568A9-2995-4E8E-B09E-8FC153843799}.Debug|Any CPU.Build.0 = Debug|Any CPU
		{CC4568A9-2995-4E8E-B09E-8FC153843799}.Release|Any CPU.ActiveCfg = Release|Any CPU
		{CC4568A9-2995-4E8E-B09E-8FC153843799}.Release|Any CPU.Build.0 = Release|Any CPU
		{3D3FF20B-1E44-44A9-A15C-AF3CCEF0C272}.Debug|Any CPU.ActiveCfg = Debug|Any CPU
		{3D3FF20B-1E44-44A9-A15C-AF3CCEF0C272}.Debug|Any CPU.Build.0 = Debug|Any CPU
		{3D3FF20B-1E44-44A9-A15C-AF3CCEF0C272}.Release|Any CPU.ActiveCfg = Release|Any CPU
		{3D3FF20B-1E44-44A9-A15C-AF3CCEF0C272}.Release|Any CPU.Build.0 = Release|Any CPU
		{461C23DA-19AB-4348-974D-FA9D18CEC760}.Debug|Any CPU.ActiveCfg = Debug|Any CPU
		{461C23DA-19AB-4348-974D-FA9D18CEC760}.Debug|Any CPU.Build.0 = Debug|Any CPU
		{461C23DA-19AB-4348-974D-FA9D18CEC760}.Release|Any CPU.ActiveCfg = Release|Any CPU
		{461C23DA-19AB-4348-974D-FA9D18CEC760}.Release|Any CPU.Build.0 = Release|Any CPU
		{6088AC27-142B-4EDC-8818-6FC90A3999A8}.Debug|Any CPU.ActiveCfg = Debug|Any CPU
		{6088AC27-142B-4EDC-8818-6FC90A3999A8}.Debug|Any CPU.Build.0 = Debug|Any CPU
		{6088AC27-142B-4EDC-8818-6FC90A3999A8}.Release|Any CPU.ActiveCfg = Release|Any CPU
		{6088AC27-142B-4EDC-8818-6FC90A3999A8}.Release|Any CPU.Build.0 = Release|Any CPU
	EndGlobalSection
	GlobalSection(SolutionProperties) = preSolution
		HideSolutionNode = FALSE
	EndGlobalSection
	GlobalSection(ExtensibilityGlobals) = postSolution
		SolutionGuid = {8D4A7C07-5762-4C5E-9224-C812A16849B8}
	EndGlobalSection
EndGlobal
